
Microsoft Visual Studio Solution File, Format Version 12.00
# Visual Studio 15
VisualStudioVersion = 15.0.27703.2042
MinimumVisualStudioVersion = 10.0.40219.1
Project("{D954291E-2A0B-460D-934E-DC6B0785DB48}") = "LD43", "LD43\LD43.shproj", "{A0CDBD0E-3A41-42B7-9425-A838BC2C7383}"
EndProject
Project("{FAE04EC0-301F-11D3-BF4B-00C04F79EFBC}") = "LD43.DesktopGL", "LD43.DesktopGL\LD43.DesktopGL.csproj", "{AE7D9B38-4BDF-4D67-BE9B-F6AF9383767E}"
EndProject
Global
	GlobalSection(SharedMSBuildProjectFiles) = preSolution
		LD43\LD43.projitems*{a0cdbd0e-3a41-42b7-9425-a838bc2c7383}*SharedItemsImports = 13
		LD43\LD43.projitems*{ae7d9b38-4bdf-4d67-be9b-f6af9383767e}*SharedItemsImports = 4
	EndGlobalSection
	GlobalSection(SolutionConfigurationPlatforms) = preSolution
		Debug|Any CPU = Debug|Any CPU
		Release|Any CPU = Release|Any CPU
	EndGlobalSection
	GlobalSection(ProjectConfigurationPlatforms) = postSolution
		{AE7D9B38-4BDF-4D67-BE9B-F6AF9383767E}.Debug|Any CPU.ActiveCfg = Debug|Any CPU
		{AE7D9B38-4BDF-4D67-BE9B-F6AF9383767E}.Debug|Any CPU.Build.0 = Debug|Any CPU
		{AE7D9B38-4BDF-4D67-BE9B-F6AF9383767E}.Release|Any CPU.ActiveCfg = Release|Any CPU
		{AE7D9B38-4BDF-4D67-BE9B-F6AF9383767E}.Release|Any CPU.Build.0 = Release|Any CPU
	EndGlobalSection
	GlobalSection(SolutionProperties) = preSolution
		HideSolutionNode = FALSE
	EndGlobalSection
	GlobalSection(ExtensibilityGlobals) = postSolution
		SolutionGuid = {7FEEEA04-3B33-48C1-A80B-1FB61F9B9C72}
	EndGlobalSection
EndGlobal
